
Microsoft Visual Studio Solution File, Format Version 12.00
# Visual Studio Version 16
VisualStudioVersion = 16.0.31624.102
MinimumVisualStudioVersion = 10.0.40219.1
Project("{FAE04EC0-301F-11D3-BF4B-00C04F79EFBC}") = "ComponentesOperacionesBasicas", "ComponentesOperacionesBasicas.csproj", "{264897B4-892D-4E11-82D0-AF73D195A98C}"
EndProject
Global
	GlobalSection(SolutionConfigurationPlatforms) = preSolution
		Debug|Any CPU = Debug|Any CPU
		Release|Any CPU = Release|Any CPU
	EndGlobalSection
	GlobalSection(ProjectConfigurationPlatforms) = postSolution
		{264897B4-892D-4E11-82D0-AF73D195A98C}.Debug|Any CPU.ActiveCfg = Debug|Any CPU
		{264897B4-892D-4E11-82D0-AF73D195A98C}.Debug|Any CPU.Build.0 = Debug|Any CPU
		{264897B4-892D-4E11-82D0-AF73D195A98C}.Release|Any CPU.ActiveCfg = Release|Any CPU
		{264897B4-892D-4E11-82D0-AF73D195A98C}.Release|Any CPU.Build.0 = Release|Any CPU
	EndGlobalSection
	GlobalSection(SolutionProperties) = preSolution
		HideSolutionNode = FALSE
	EndGlobalSection
	GlobalSection(ExtensibilityGlobals) = postSolution
		SolutionGuid = {F04356C2-BFB3-427F-AB1B-CE5B9B03BAFF}
	EndGlobalSection
EndGlobal
